
Microsoft Visual Studio Solution File, Format Version 12.00
# Visual Studio Version 16
VisualStudioVersion = 16.0.34031.81
MinimumVisualStudioVersion = 10.0.40219.1
Project("{FAE04EC0-301F-11D3-BF4B-00C04F79EFBC}") = "BookStore", "BookStore.csproj", "{312AA962-A92B-4529-B754-8C2463AEED19}"
EndProject
Global
	GlobalSection(SolutionConfigurationPlatforms) = preSolution
		Debug|Any CPU = Debug|Any CPU
		Release|Any CPU = Release|Any CPU
	EndGlobalSection
	GlobalSection(ProjectConfigurationPlatforms) = postSolution
		{312AA962-A92B-4529-B754-8C2463AEED19}.Debug|Any CPU.ActiveCfg = Debug|Any CPU
		{312AA962-A92B-4529-B754-8C2463AEED19}.Debug|Any CPU.Build.0 = Debug|Any CPU
		{312AA962-A92B-4529-B754-8C2463AEED19}.Release|Any CPU.ActiveCfg = Release|Any CPU
		{312AA962-A92B-4529-B754-8C2463AEED19}.Release|Any CPU.Build.0 = Release|Any CPU
	EndGlobalSection
	GlobalSection(SolutionProperties) = preSolution
		HideSolutionNode = FALSE
	EndGlobalSection
	GlobalSection(ExtensibilityGlobals) = postSolution
		SolutionGuid = {600E1E81-05D3-44B8-8D6C-6D73D42EF671}
	EndGlobalSection
EndGlobal
